
Microsoft Visual Studio Solution File, Format Version 12.00
# Visual Studio Version 17
VisualStudioVersion = 17.8.34330.188
MinimumVisualStudioVersion = 10.0.40219.1
Project("{9A19103F-16F7-4668-BE54-9A1E7A4F7556}") = "Brewterates", "Brewterates\Brewterates.csproj", "{4BBD08D2-503B-4064-A11A-8FD91C65BE71}"
EndProject
Project("{9A19103F-16F7-4668-BE54-9A1E7A4F7556}") = "Brewterates.Domain", "Brewterates.Domain\Brewterates.Domain.csproj", "{EBD946FE-C5A4-4277-8BEA-5F5CBAAB028F}"
EndProject
Project("{9A19103F-16F7-4668-BE54-9A1E7A4F7556}") = "Brewterates.Infrastructre", "Brewterates.Infrastructre\Brewterates.Infrastructre.csproj", "{0C3E3B76-9170-47AF-8094-05925E0082D0}"
EndProject
Project("{9A19103F-16F7-4668-BE54-9A1E7A4F7556}") = "Brewterates.Application", "Brewterates.Application\Brewterates.Application.csproj", "{E061C90A-AF77-4937-A177-4F71110B4C5E}"
EndProject
Project("{FAE04EC0-301F-11D3-BF4B-00C04F79EFBC}") = "Brewterates.Application.Tests", "Brewterates.Application.Tests\Brewterates.Application.Tests.csproj", "{36FD4689-2B4B-4D2E-9D6C-E48F0FF9BA9B}"
EndProject
Global
	GlobalSection(SolutionConfigurationPlatforms) = preSolution
		Debug|Any CPU = Debug|Any CPU
		Release|Any CPU = Release|Any CPU
	EndGlobalSection
	GlobalSection(ProjectConfigurationPlatforms) = postSolution
		{4BBD08D2-503B-4064-A11A-8FD91C65BE71}.Debug|Any CPU.ActiveCfg = Debug|Any CPU
		{4BBD08D2-503B-4064-A11A-8FD91C65BE71}.Debug|Any CPU.Build.0 = Debug|Any CPU
		{4BBD08D2-503B-4064-A11A-8FD91C65BE71}.Release|Any CPU.ActiveCfg = Release|Any CPU
		{4BBD08D2-503B-4064-A11A-8FD91C65BE71}.Release|Any CPU.Build.0 = Release|Any CPU
		{EBD946FE-C5A4-4277-8BEA-5F5CBAAB028F}.Debug|Any CPU.ActiveCfg = Debug|Any CPU
		{EBD946FE-C5A4-4277-8BEA-5F5CBAAB028F}.Debug|Any CPU.Build.0 = Debug|Any CPU
		{EBD946FE-C5A4-4277-8BEA-5F5CBAAB028F}.Release|Any CPU.ActiveCfg = Release|Any CPU
		{EBD946FE-C5A4-4277-8BEA-5F5CBAAB028F}.Release|Any CPU.Build.0 = Release|Any CPU
		{0C3E3B76-9170-47AF-8094-05925E0082D0}.Debug|Any CPU.ActiveCfg = Debug|Any CPU
		{0C3E3B76-9170-47AF-8094-05925E0082D0}.Debug|Any CPU.Build.0 = Debug|Any CPU
		{0C3E3B76-9170-47AF-8094-05925E0082D0}.Release|Any CPU.ActiveCfg = Release|Any CPU
		{0C3E3B76-9170-47AF-8094-05925E0082D0}.Release|Any CPU.Build.0 = Release|Any CPU
		{E061C90A-AF77-4937-A177-4F71110B4C5E}.Debug|Any CPU.ActiveCfg = Debug|Any CPU
		{E061C90A-AF77-4937-A177-4F71110B4C5E}.Debug|Any CPU.Build.0 = Debug|Any CPU
		{E061C90A-AF77-4937-A177-4F71110B4C5E}.Release|Any CPU.ActiveCfg = Release|Any CPU
		{E061C90A-AF77-4937-A177-4F71110B4C5E}.Release|Any CPU.Build.0 = Release|Any CPU
		{36FD4689-2B4B-4D2E-9D6C-E48F0FF9BA9B}.Debug|Any CPU.ActiveCfg = Debug|Any CPU
		{36FD4689-2B4B-4D2E-9D6C-E48F0FF9BA9B}.Debug|Any CPU.Build.0 = Debug|Any CPU
		{36FD4689-2B4B-4D2E-9D6C-E48F0FF9BA9B}.Release|Any CPU.ActiveCfg = Release|Any CPU
		{36FD4689-2B4B-4D2E-9D6C-E48F0FF9BA9B}.Release|Any CPU.Build.0 = Release|Any CPU
	EndGlobalSection
	GlobalSection(SolutionProperties) = preSolution
		HideSolutionNode = FALSE
	EndGlobalSection
	GlobalSection(ExtensibilityGlobals) = postSolution
		SolutionGuid = {A2DF5332-C458-4B11-8944-B6325A74A8C3}
	EndGlobalSection
EndGlobal
